schema: '2.0'
stages:
  download:
    cmd: stages/01_download.sh
    deps:
    - path: stages/01_download.sh
      hash: md5
      md5: fe616ea0d9a8576c9ab5086b89ada3da
      size: 713
    outs:
    - path: download/ctg-studies.json.zip
      hash: md5
      md5: cbf7be4d5788aa2b0148d1d73a7c74dd
      size: 2563409982
  build:
    cmd: stages/02_build.sh
    deps:
    - path: download/ctg-studies.json.zip
      hash: md5
      md5: cbf7be4d5788aa2b0148d1d73a7c74dd
      size: 2563409982
    - path: stages/02_build.sh
      hash: md5
      md5: d8196084b76b1cb154f2a8524349748c
      size: 1066
    outs:
    - path: brick/ctg-studies.parquet
      hash: md5
      md5: 8bde673ce12bade58c8916af963eb552.dir
      size: 3283489303
      nfiles: 737
